PODS:
  - BSGridCollectionViewLayout (1.2.5)
  - BSImagePicker (2.10.3):
    - BSGridCollectionViewLayout (= 1.2.5)
    - BSImageView (= 1.0.3)
  - BSImageView (1.0.3)
  - Flutter (1.0.0)
  - flutter_my_picker (0.0.1):
    - Flutter
  - fluttertoast (0.0.2):
    - Flutter
  - FMDB (2.7.5):
    - FMDB/standard (= 2.7.5)
  - FMDB/standard (2.7.5)
  - multi_image_picker (4.7.13):
    - BSImagePicker (~> 2.10.3)
    - Flutter
  - package_info (0.0.1):
    - Flutter
  - path_provider (0.0.1):
    - Flutter
  - "permission_handler (5.0.1+1)":
    - Flutter
  - r_scan (0.0.1):
    - Flutter
  - shared_preferences (0.0.1):
    - Flutter
  - sqflite (0.0.1):
    - Flutter
    - FMDB (~> 2.7.2)
  - url_launcher (0.0.1):
    - Flutter
  - video_player (0.0.1):
    - Flutter
  - wakelock (0.0.1):
    - Flutter

DEPENDENCIES:
  - Flutter (from `Flutter`)
  - flutter_my_picker (from `.symlinks/plugins/flutter_my_picker/ios`)
  - fluttertoast (from `.symlinks/plugins/fluttertoast/ios`)
  - multi_image_picker (from `.symlinks/plugins/multi_image_picker/ios`)
  - package_info (from `.symlinks/plugins/package_info/ios`)
  - path_provider (from `.symlinks/plugins/path_provider/ios`)
  - permission_handler (from `.symlinks/plugins/permission_handler/ios`)
  - r_scan (from `.symlinks/plugins/r_scan/ios`)
  - shared_preferences (from `.symlinks/plugins/shared_preferences/ios`)
  - sqflite (from `.symlinks/plugins/sqflite/ios`)
  - url_launcher (from `.symlinks/plugins/url_launcher/ios`)
  - video_player (from `.symlinks/plugins/video_player/ios`)
  - wakelock (from `.symlinks/plugins/wakelock/ios`)

SPEC REPOS:
  trunk:
    - BSGridCollectionViewLayout
    - BSImagePicker
    - BSImageView
    - FMDB

EXTERNAL SOURCES:
  Flutter:
    :path: Flutter
  flutter_my_picker:
    :path: ".symlinks/plugins/flutter_my_picker/ios"
  fluttertoast:
    :path: ".symlinks/plugins/fluttertoast/ios"
  multi_image_picker:
    :path: ".symlinks/plugins/multi_image_picker/ios"
  package_info:
    :path: ".symlinks/plugins/package_info/ios"
  path_provider:
    :path: ".symlinks/plugins/path_provider/ios"
  permission_handler:
    :path: ".symlinks/plugins/permission_handler/ios"
  r_scan:
    :path: ".symlinks/plugins/r_scan/ios"
  shared_preferences:
    :path: ".symlinks/plugins/shared_preferences/ios"
  sqflite:
    :path: ".symlinks/plugins/sqflite/ios"
  url_launcher:
    :path: ".symlinks/plugins/url_launcher/ios"
  video_player:
    :path: ".symlinks/plugins/video_player/ios"
  wakelock:
    :path: ".symlinks/plugins/wakelock/ios"

SPEC CHECKSUMS:
  BSGridCollectionViewLayout: 333dcb457a5a3bdd9212607ab5756553dcfe06cb
  BSImagePicker: 07404254f2fcdaf5a2eb403c0f8c337267ce8738
  BSImageView: a149459433a2687157d034c78e059d30ac7f2544
  Flutter: 0e3d915762c693b495b44d77113d4970485de6ec
  flutter_my_picker: cc7c18b8de8b4d827df5140d6373d69cf6e68ab6
  fluttertoast: b644586ef3b16f67fae9a1f8754cef6b2d6b634b
  FMDB: 2ce00b547f966261cd18927a3ddb07cb6f3db82a
  multi_image_picker: fd16be811b37ab030f72bf5c1c48b3a174254d13
  package_info: 873975fc26034f0b863a300ad47e7f1ac6c7ec62
  path_provider: abfe2b5c733d04e238b0d8691db0cfd63a27a93c
  permission_handler: eac8e15b4a1a3fba55b761d19f3f4e6b005d15b6
  r_scan: ff1d53ccf15e760a9b244da3bbf3c5ec7bd763b4
  shared_preferences: af6bfa751691cdc24be3045c43ec037377ada40d
  sqflite: 4001a31ff81d210346b500c55b17f4d6c7589dd0
  url_launcher: 6fef411d543ceb26efce54b05a0a40bfd74cbbef
  video_player: 9cc823b1d9da7e8427ee591e8438bfbcde500e6e
  wakelock: 0d4a70faf8950410735e3f61fb15d517c8a6efc4

PODFILE CHECKSUM: aafe91acc616949ddb318b77800a7f51bffa2a4c

COCOAPODS: 1.9.1
